
Microsoft Visual Studio Solution File, Format Version 12.00
# Visual Studio Version 17
VisualStudioVersion = 17.0.31912.275
MinimumVisualStudioVersion = 10.0.40219.1
Project("{FAE04EC0-301F-11D3-BF4B-00C04F79EFBC}") = "FTP", "FTP\FTP.csproj", "{50AB366B-1A7F-41FF-8CE5-4465E7EB8EB5}"
EndProject
Project("{FAE04EC0-301F-11D3-BF4B-00C04F79EFBC}") = "UnitTest", "UnitTest\UnitTest.csproj", "{1158F449-A07A-4A4C-AB42-6712445ED943}"
EndProject
Project("{2150E333-8FDC-42A3-9474-1A3956D46DE8}") = "Solution Items", "Solution Items", "{B4C97A6D-E2D4-4804-8FED-F2DAF25A4993}"
EndProject
Global
	GlobalSection(SolutionConfigurationPlatforms) = preSolution
		Debug|Any CPU = Debug|Any CPU
		Release|Any CPU = Release|Any CPU
	EndGlobalSection
	GlobalSection(ProjectConfigurationPlatforms) = postSolution
		{50AB366B-1A7F-41FF-8CE5-4465E7EB8EB5}.Debug|Any CPU.ActiveCfg = Debug|Any CPU
		{50AB366B-1A7F-41FF-8CE5-4465E7EB8EB5}.Debug|Any CPU.Build.0 = Debug|Any CPU
		{50AB366B-1A7F-41FF-8CE5-4465E7EB8EB5}.Release|Any CPU.ActiveCfg = Release|Any CPU
		{50AB366B-1A7F-41FF-8CE5-4465E7EB8EB5}.Release|Any CPU.Build.0 = Release|Any CPU
		{1158F449-A07A-4A4C-AB42-6712445ED943}.Debug|Any CPU.ActiveCfg = Debug|Any CPU
		{1158F449-A07A-4A4C-AB42-6712445ED943}.Debug|Any CPU.Build.0 = Debug|Any CPU
		{1158F449-A07A-4A4C-AB42-6712445ED943}.Release|Any CPU.ActiveCfg = Release|Any CPU
		{1158F449-A07A-4A4C-AB42-6712445ED943}.Release|Any CPU.Build.0 = Release|Any CPU
	EndGlobalSection
	GlobalSection(SolutionProperties) = preSolution
		HideSolutionNode = FALSE
	EndGlobalSection
	GlobalSection(ExtensibilityGlobals) = postSolution
		SolutionGuid = {C0D344D7-3330-4B01-98A4-670FBC2F7C17}
	EndGlobalSection
EndGlobal
